# THIS IS AN AUTOGENERATED FILE. DO NOT EDIT THIS FILE DIRECTLY.
# yarn lockfile v1


codemirror@^5.48.4:
  version "5.48.4"
  resolved "https://registry.yarnpkg.com/codemirror/-/codemirror-5.48.4.tgz#4210fbe92be79a88f0eea348fab3ae78da85ce47"
  integrity sha512-pUhZXDQ6qXSpWdwlgAwHEkd4imA0kf83hINmUEzJpmG80T/XLtDDEzZo8f6PQLuRCcUQhmzqqIo3ZPTRaWByRA==
